
Microsoft Visual Studio Solution File, Format Version 11.00
# Visual Studio 2010
# SharpDevelop 5.1
Project("{FAE04EC0-301F-11D3-BF4B-00C04F79EFBC}") = "classEx", "classEx\classEx.csproj", "{F444F3F7-D346-42D8-90CB-2D91C810FF0C}"
EndProject
Global
	GlobalSection(SolutionConfigurationPlatforms) = preSolution
		Debug|Any CPU = Debug|Any CPU
		Release|Any CPU = Release|Any CPU
	EndGlobalSection
	GlobalSection(ProjectConfigurationPlatforms) = postSolution
		{F444F3F7-D346-42D8-90CB-2D91C810FF0C}.Debug|Any CPU.ActiveCfg = Debug|Any CPU
		{F444F3F7-D346-42D8-90CB-2D91C810FF0C}.Debug|Any CPU.Build.0 = Debug|Any CPU
		{F444F3F7-D346-42D8-90CB-2D91C810FF0C}.Release|Any CPU.ActiveCfg = Release|Any CPU
		{F444F3F7-D346-42D8-90CB-2D91C810FF0C}.Release|Any CPU.Build.0 = Release|Any CPU
	EndGlobalSection
EndGlobal
